
Microsoft Visual Studio Solution File, Format Version 12.00
# Visual Studio 15
VisualStudioVersion = 15.0.28307.757
MinimumVisualStudioVersion = 10.0.40219.1
Project("{9A19103F-16F7-4668-BE54-9A1E7A4F7556}") = "FieldGoCodingExercise", "FieldGoCodingExercise\FieldGoCodingExercise.csproj", "{A92FF4F3-3E0F-41B4-B84C-7B26DC65655F}"
EndProject
Global
	GlobalSection(SolutionConfigurationPlatforms) = preSolution
		Debug|Any CPU = Debug|Any CPU
		Release|Any CPU = Release|Any CPU
	EndGlobalSection
	GlobalSection(ProjectConfigurationPlatforms) = postSolution
		{A92FF4F3-3E0F-41B4-B84C-7B26DC65655F}.Debug|Any CPU.ActiveCfg = Debug|Any CPU
		{A92FF4F3-3E0F-41B4-B84C-7B26DC65655F}.Debug|Any CPU.Build.0 = Debug|Any CPU
		{A92FF4F3-3E0F-41B4-B84C-7B26DC65655F}.Release|Any CPU.ActiveCfg = Release|Any CPU
		{A92FF4F3-3E0F-41B4-B84C-7B26DC65655F}.Release|Any CPU.Build.0 = Release|Any CPU
	EndGlobalSection
	GlobalSection(SolutionProperties) = preSolution
		HideSolutionNode = FALSE
	EndGlobalSection
	GlobalSection(ExtensibilityGlobals) = postSolution
		SolutionGuid = {9FE0A36F-69EF-447C-858B-FFDFF0ABC649}
	EndGlobalSection
EndGlobal
